
Microsoft Visual Studio Solution File, Format Version 12.00
# Visual Studio Version 17
VisualStudioVersion = 17.0.32014.148
MinimumVisualStudioVersion = 10.0.40219.1
Project("{FAE04EC0-301F-11D3-BF4B-00C04F79EFBC}") = "BattleShipsOOP", "BattleShipsOOP.csproj", "{27BF4930-CB4F-4079-B7BE-E0D97499145B}"
EndProject
Global
	GlobalSection(SolutionConfigurationPlatforms) = preSolution
		Debug|Any CPU = Debug|Any CPU
		Release|Any CPU = Release|Any CPU
	EndGlobalSection
	GlobalSection(ProjectConfigurationPlatforms) = postSolution
		{27BF4930-CB4F-4079-B7BE-E0D97499145B}.Debug|Any CPU.ActiveCfg = Debug|Any CPU
		{27BF4930-CB4F-4079-B7BE-E0D97499145B}.Debug|Any CPU.Build.0 = Debug|Any CPU
		{27BF4930-CB4F-4079-B7BE-E0D97499145B}.Release|Any CPU.ActiveCfg = Release|Any CPU
		{27BF4930-CB4F-4079-B7BE-E0D97499145B}.Release|Any CPU.Build.0 = Release|Any CPU
	EndGlobalSection
	GlobalSection(SolutionProperties) = preSolution
		HideSolutionNode = FALSE
	EndGlobalSection
	GlobalSection(ExtensibilityGlobals) = postSolution
		SolutionGuid = {4B3B2A5D-D0DC-48F1-B0C5-CFD923539FFC}
	EndGlobalSection
EndGlobal
